// !$*UTF8*$!
{
	archiveVersion = 1;
	classes = {
	};
	objectVersion = 50;
	objects = {

/* Begin PBXBuildFile section */
		BFC144F220A4A3C200E3734D /* AppDelegate.swift in Sources */ = {isa = PBXBuildFile; fileRef = BFC144F120A4A3C200E3734D /* AppDelegate.swift */; };
		BFC144F420A4A3C200E3734D /* ViewController.swift in Sources */ = {isa = PBXBuildFile; fileRef = BFC144F320A4A3C200E3734D /* ViewController.swift */; };
		BFC144F720A4A3C200E3734D /* Main.storyboard in Resources */ = {isa = PBXBuildFile; fileRef = BFC144F520A4A3C200E3734D /* Main.storyboard */; };
		BFC144F920A4A3C400E3734D /* Assets.xcassets in Resources */ = {isa = PBXBuildFile; fileRef = BFC144F820A4A3C400E3734D /* Assets.xcassets */; };
		BFC144FC20A4A3C400E3734D /* LaunchScreen.storyboard in Resources */ = {isa = PBXBuildFile; fileRef = BFC144FA20A4A3C400E3734D /* LaunchScreen.storyboard */; };
		BFC1450620A4B52C00E3734D /* Line.swift in Sources */ = {isa = PBXBuildFile; fileRef = BFC1450520A4B52C00E3734D /* Line.swift */; };
		BFC1450820A4C1AA00E3734D /* SCNVector3.swift in Sources */ = {isa = PBXBuildFile; fileRef = BFC1450720A4C1AA00E3734D /* SCNVector3.swift */; };
		BFC1450A20A4C60E00E3734D /* ARSCNView.swift in Sources */ = {isa = PBXBuildFile; fileRef = BFC1450920A4C60E00E3734D /* ARSCNView.swift */; };
/* End PBXBuildFile section */

/* Begin PBXFileReference section */
		BFC144EE20A4A3C200E3734D /* RulerAR.app */ = {isa = PBXFileReference; explicitFileType = wrapper.application; includeInIndex = 0; path = RulerAR.app; sourceTree = BUILT_PRODUCTS_DIR; };
		BFC144F120A4A3C200E3734D /* AppDelegate.swift */ = {isa = PBXFileReference; lastKnownFileType = sourcecode.swift; path = AppDelegate.swift; sourceTree = "<group>"; };
		BFC144F320A4A3C200E3734D /* ViewController.swift */ = {isa = PBXFileReference; lastKnownFileType = sourcecode.swift; path = ViewController.swift; sourceTree = "<group>"; };
		BFC144F620A4A3C200E3734D /* Base */ = {isa = PBXFileReference; lastKnownFileType = file.storyboard; name = Base; path = Base.lproj/Main.storyboard; sourceTree = "<group>"; };
		BFC144F820A4A3C400E3734D /* Assets.xcassets */ = {isa = PBXFileReference; lastKnownFileType = folder.assetcatalog; path = Assets.xcassets; sourceTree = "<group>"; };
		BFC144FB20A4A3C400E3734D /* Base */ = {isa = PBXFileReference; lastKnownFileType = file.storyboard; name = Base; path = Base.lproj/LaunchScreen.storyboard; sourceTree = "<group>"; };
		BFC144FD20A4A3C400E3734D /* Info.plist */ = {isa = PBXFileReference; lastKnownFileType = text.plist.xml; path = Info.plist; sourceTree = "<group>"; };
		BFC1450520A4B52C00E3734D /* Line.swift */ = {isa = PBXFileReference; lastKnownFileType = sourcecode.swift; path = Line.swift; sourceTree = "<group>"; };
		BFC1450720A4C1AA00E3734D /* SCNVector3.swift */ = {isa = PBXFileReference; lastKnownFileType = sourcecode.swift; path = SCNVector3.swift; sourceTree = "<group>"; };
		BFC1450920A4C60E00E3734D /* ARSCNView.swift */ = {isa = PBXFileReference; lastKnownFileType = sourcecode.swift; path = ARSCNView.swift; sourceTree = "<group>"; };
/* End PBXFileReference section */

/* Begin PBXFrameworksBuildPhase section */
		BFC144EB20A4A3C200E3734D /* Frameworks */ = {
			isa = PBXFrameworksBuildPhase;
			buildActionMask = 2147483647;
			files = (
			);
			runOnlyForDeploymentPostprocessing = 0;
		};
/* End PBXFrameworksBuildPhase section */

/* Begin PBXGroup section */
		BFC144E520A4A3C200E3734D = {
			isa = PBXGroup;
			children = (
				BFC144F020A4A3C200E3734D /* RulerAR */,
				BFC144EF20A4A3C200E3734D /* Products */,
			);
			sourceTree = "<group>";
		};
		BFC144EF20A4A3C200E3734D /* Products */ = {
			isa = PBXGroup;
			children = (
				BFC144EE20A4A3C200E3734D /* RulerAR.app */,
			);
			name = Products;
			sourceTree = "<group>";
		};
		BFC144F020A4A3C200E3734D /* RulerAR */ = {
			isa = PBXGroup;
			children = (
				BFC1450F20A5ECF500E3734D /* ViewController */,
				BFC1451020A5ECFC00E3734D /* Extensions */,
				BFC1450420A4AE1D00E3734D /* Views */,
				BFC1450320A4AE1200E3734D /* Resources */,
			);
			path = RulerAR;
			sourceTree = "<group>";
		};
		BFC1450320A4AE1200E3734D /* Resources */ = {
			isa = PBXGroup;
			children = (
				BFC144F120A4A3C200E3734D /* AppDelegate.swift */,
				BFC144F820A4A3C400E3734D /* Assets.xcassets */,
				BFC144FD20A4A3C400E3734D /* Info.plist */,
			);
			path = Resources;
			sourceTree = "<group>";
		};
		BFC1450420A4AE1D00E3734D /* Views */ = {
			isa = PBXGroup;
			children = (
				BFC1450520A4B52C00E3734D /* Line.swift */,
				BFC144F520A4A3C200E3734D /* Main.storyboard */,
				BFC144FA20A4A3C400E3734D /* LaunchScreen.storyboard */,
			);
			path = Views;
			sourceTree = "<group>";
		};
		BFC1450F20A5ECF500E3734D /* ViewController */ = {
			isa = PBXGroup;
			children = (
				BFC144F320A4A3C200E3734D /* ViewController.swift */,
			);
			path = ViewController;
			sourceTree = "<group>";
		};
		BFC1451020A5ECFC00E3734D /* Extensions */ = {
			isa = PBXGroup;
			children = (
				BFC1450920A4C60E00E3734D /* ARSCNView.swift */,
				BFC1450720A4C1AA00E3734D /* SCNVector3.swift */,
			);
			path = Extensions;
			sourceTree = "<group>";
		};
/* End PBXGroup section */

/* Begin PBXNativeTarget section */
		BFC144ED20A4A3C200E3734D /* RulerAR */ = {
			isa = PBXNativeTarget;
			buildConfigurationList = BFC1450020A4A3C400E3734D /* Build configuration list for PBXNativeTarget "RulerAR" */;
			buildPhases = (
				BFC144EA20A4A3C200E3734D /* Sources */,
				BFC144EB20A4A3C200E3734D /* Frameworks */,
				BFC144EC20A4A3C200E3734D /* Resources */,
			);
			buildRules = (
			);
			dependencies = (
			);
			name = RulerAR;
			productName = RulerAR;
			productReference = BFC144EE20A4A3C200E3734D /* RulerAR.app */;
			productType = "com.apple.product-type.application";
		};
/* End PBXNativeTarget section */

/* Begin PBXProject section */
		BFC144E620A4A3C200E3734D /* Project object */ = {
			isa = PBXProject;
			attributes = {
				LastSwiftUpdateCheck = 0930;
				LastUpgradeCheck = 0930;
				ORGANIZATIONNAME = "Spencer Cawley";
				TargetAttributes = {
					BFC144ED20A4A3C200E3734D = {
						CreatedOnToolsVersion = 9.3;
					};
				};
			};
			buildConfigurationList = BFC144E920A4A3C200E3734D /* Build configuration list for PBXProject "RulerAR" */;
			compatibilityVersion = "Xcode 9.3";
			developmentRegion = en;
			hasScannedForEncodings = 0;
			knownRegions = (
				en,
				Base,
			);
			mainGroup = BFC144E520A4A3C200E3734D;
			productRefGroup = BFC144EF20A4A3C200E3734D /* Products */;
			projectDirPath = "";
			projectRoot = "";
			targets = (
				BFC144ED20A4A3C200E3734D /* RulerAR */,
			);
		};
/* End PBXProject section */

/* Begin PBXResourcesBuildPhase section */
		BFC144EC20A4A3C200E3734D /* Resources */ = {
			isa = PBXResourcesBuildPhase;
			buildActionMask = 2147483647;
			files = (
				BFC144FC20A4A3C400E3734D /* LaunchScreen.storyboard in Resources */,
				BFC144F920A4A3C400E3734D /* Assets.xcassets in Resources */,
				BFC144F720A4A3C200E3734D /* Main.storyboard in Resources */,
			);
			runOnlyForDeploymentPostprocessing = 0;
		};
/* End PBXResourcesBuildPhase section */

/* Begin PBXSourcesBuildPhase section */
		BFC144EA20A4A3C200E3734D /* Sources */ = {
			isa = PBXSourcesBuildPhase;
			buildActionMask = 2147483647;
			files = (
				BFC1450620A4B52C00E3734D /* Line.swift in Sources */,
				BFC1450820A4C1AA00E3734D /* SCNVector3.swift in Sources */,
				BFC1450A20A4C60E00E3734D /* ARSCNView.swift in Sources */,
				BFC144F420A4A3C200E3734D /* ViewController.swift in Sources */,
				BFC144F220A4A3C200E3734D /* AppDelegate.swift in Sources */,
			);
			runOnlyForDeploymentPostprocessing = 0;
		};
/* End PBXSourcesBuildPhase section */

/* Begin PBXVariantGroup section */
		BFC144F520A4A3C200E3734D /* Main.storyboard */ = {
			isa = PBXVariantGroup;
			children = (
				BFC144F620A4A3C200E3734D /* Base */,
			);
			name = Main.storyboard;
			sourceTree = "<group>";
		};
		BFC144FA20A4A3C400E3734D /* LaunchScreen.storyboard */ = {
			isa = PBXVariantGroup;
			children = (
				BFC144FB20A4A3C400E3734D /* Base */,
			);
			name = LaunchScreen.storyboard;
			sourceTree = "<group>";
		};
/* End PBXVariantGroup section */

/* Begin XCBuildConfiguration section */
		BFC144FE20A4A3C400E3734D /* Debug */ = {
			isa = XCBuildConfiguration;
			buildSettings = {
				ALWAYS_SEARCH_USER_PATHS = NO;
				CLANG_ANALYZER_NONNULL = YES;
				CLANG_ANALYZER_NUMBER_OBJECT_CONVERSION = YES_AGGRESSIVE;
				CLANG_CXX_LANGUAGE_STANDARD = "gnu++14";
				CLANG_CXX_LIBRARY = "libc++";
				CLANG_ENABLE_MODULES = YES;
				CLANG_ENABLE_OBJC_ARC = YES;
				CLANG_ENABLE_OBJC_WEAK = YES;
				CLANG_WARN_BLOCK_CAPTURE_AUTORELEASING = YES;
				CLANG_WARN_BOOL_CONVERSION = YES;
				CLANG_WARN_COMMA = YES;
				CLANG_WARN_CONSTANT_CONVERSION = YES;
				CLANG_WARN_DEPRECATED_OBJC_IMPLEMENTATIONS = YES;
				CLANG_WARN_DIRECT_OBJC_ISA_USAGE = YES_ERROR;
				CLANG_WARN_DOCUMENTATION_COMMENTS = YES;
				CLANG_WARN_EMPTY_BODY = YES;
				CLANG_WARN_ENUM_CONVERSION = YES;
				CLANG_WARN_INFINITE_RECURSION = YES;
				CLANG_WARN_INT_CONVERSION = YES;
				CLANG_WARN_NON_LITERAL_NULL_CONVERSION = YES;
				CLANG_WARN_OBJC_IMPLICIT_RETAIN_SELF = YES;
				CLANG_WARN_OBJC_LITERAL_CONVERSION = YES;
				CLANG_WARN_OBJC_ROOT_CLASS = YES_ERROR;
				CLANG_WARN_RANGE_LOOP_ANALYSIS = YES;
				CLANG_WARN_STRICT_PROTOTYPES = YES;
				CLANG_WARN_SUSPICIOUS_MOVE = YES;
				CLANG_WARN_UNGUARDED_AVAILABILITY = YES_AGGRESSIVE;
				CLANG_WARN_UNREACHABLE_CODE = YES;
				CLANG_WARN__DUPLICATE_METHOD_MATCH = YES;
				CODE_SIGN_IDENTITY = "iPhone Developer";
				COPY_PHASE_STRIP = NO;
				DEBUG_INFORMATION_FORMAT = dwarf;
				ENABLE_STRICT_OBJC_MSGSEND = YES;
				ENABLE_TESTABILITY = YES;
				GCC_C_LANGUAGE_STANDARD = gnu11;
				GCC_DYNAMIC_NO_PIC = NO;
				GCC_NO_COMMON_BLOCKS = YES;
				GCC_OPTIMIZATION_LEVEL = 0;
				GCC_PREPROCESSOR_DEFINITIONS = (
					"DEBUG=1",
					"$(inherited)",
				);
				GCC_WARN_64_TO_32_BIT_CONVERSION = YES;
				GCC_WARN_ABOUT_RETURN_TYPE = YES_ERROR;
				GCC_WARN_UNDECLARED_SELECTOR = YES;
				GCC_WARN_UNINITIALIZED_AUTOS = YES_AGGRESSIVE;
				GCC_WARN_UNUSED_FUNCTION = YES;
				GCC_WARN_UNUSED_VARIABLE = YES;
				IPHONEOS_DEPLOYMENT_TARGET = 11.3;
				MTL_ENABLE_DEBUG_INFO = YES;
				ONLY_ACTIVE_ARCH = YES;
				SDKROOT = iphoneos;
				SWIFT_ACTIVE_COMPILATION_CONDITIONS = DEBUG;
				SWIFT_OPTIMIZATION_LEVEL = "-Onone";
			};
			name = Debug;
		};
		BFC144FF20A4A3C400E3734D /* Release */ = {
			isa = XCBuildConfiguration;
			buildSettings = {
				ALWAYS_SEARCH_USER_PATHS = NO;
				CLANG_ANALYZER_NONNULL = YES;
				CLANG_ANALYZER_NUMBER_OBJECT_CONVERSION = YES_AGGRESSIVE;
				CLANG_CXX_LANGUAGE_STANDARD = "gnu++14";
				CLANG_CXX_LIBRARY = "libc++";
				CLANG_ENABLE_MODULES = YES;
				CLANG_ENABLE_OBJC_ARC = YES;
				CLANG_ENABLE_OBJC_WEAK = YES;
				CLANG_WARN_BLOCK_CAPTURE_AUTORELEASING = YES;
				CLANG_WARN_BOOL_CONVERSION = YES;
				CLANG_WARN_COMMA = YES;
				CLANG_WARN_CONSTANT_CONVERSION = YES;
				CLANG_WARN_DEPRECATED_OBJC_IMPLEMENTATIONS = YES;
				CLANG_WARN_DIRECT_OBJC_ISA_USAGE = YES_ERROR;
				CLANG_WARN_DOCUMENTATION_COMMENTS = YES;
				CLANG_WARN_EMPTY_BODY = YES;
				CLANG_WARN_ENUM_CONVERSION = YES;
				CLANG_WARN_INFINITE_RECURSION = YES;
				CLANG_WARN_INT_CONVERSION = YES;
				CLANG_WARN_NON_LITERAL_NULL_CONVERSION = YES;
				CLANG_WARN_OBJC_IMPLICIT_RETAIN_SELF = YES;
				CLANG_WARN_OBJC_LITERAL_CONVERSION = YES;
				CLANG_WARN_OBJC_ROOT_CLASS = YES_ERROR;
				CLANG_WARN_RANGE_LOOP_ANALYSIS = YES;
				CLANG_WARN_STRICT_PROTOTYPES = YES;
				CLANG_WARN_SUSPICIOUS_MOVE = YES;
				CLANG_WARN_UNGUARDED_AVAILABILITY = YES_AGGRESSIVE;
				CLANG_WARN_UNREACHABLE_CODE = YES;
				CLANG_WARN__DUPLICATE_METHOD_MATCH = YES;
				CODE_SIGN_IDENTITY = "iPhone Developer";
				COPY_PHASE_STRIP = NO;
				DEBUG_INFORMATION_FORMAT = "dwarf-with-dsym";
				ENABLE_NS_ASSERTIONS = NO;
				ENABLE_STRICT_OBJC_MSGSEND = YES;
				GCC_C_LANGUAGE_STANDARD = gnu11;
				GCC_NO_COMMON_BLOCKS = YES;
				GCC_WARN_64_TO_32_BIT_CONVERSION = YES;
				GCC_WARN_ABOUT_RETURN_TYPE = YES_ERROR;
				GCC_WARN_UNDECLARED_SELECTOR = YES;
				GCC_WARN_UNINITIALIZED_AUTOS = YES_AGGRESSIVE;
				GCC_WARN_UNUSED_FUNCTION = YES;
				GCC_WARN_UNUSED_VARIABLE = YES;
				IPHONEOS_DEPLOYMENT_TARGET = 11.3;
				MTL_ENABLE_DEBUG_INFO = NO;
				SDKROOT = iphoneos;
				SWIFT_COMPILATION_MODE = wholemodule;
				SWIFT_OPTIMIZATION_LEVEL = "-O";
				VALIDATE_PRODUCT = YES;
			};
			name = Release;
		};
		BFC1450120A4A3C400E3734D /* Debug */ = {
			isa = XCBuildConfiguration;
			buildSettings = {
				ASSETCATALOG_COMPILER_APPICON_NAME = AppIcon;
				CODE_SIGN_STYLE = Automatic;
				DEVELOPMENT_TEAM = 3G2V54975X;
				INFOPLIST_FILE = "$(SRCROOT)/RulerAR/Resources/Info.plist";
				LD_RUNPATH_SEARCH_PATHS = (
					"$(inherited)",
					"@executable_path/Frameworks",
				);
				PRODUCT_BUNDLE_IDENTIFIER = Spencer.RulerAR;
				PRODUCT_NAME = "$(TARGET_NAME)";
				SWIFT_VERSION = 4.0;
				TARGETED_DEVICE_FAMILY = "1,2";
			};
			name = Debug;
		};
		BFC1450220A4A3C400E3734D /* Release */ = {
			isa = XCBuildConfiguration;
			buildSettings = {
				ASSETCATALOG_COMPILER_APPICON_NAME = AppIcon;
				CODE_SIGN_STYLE = Automatic;
				DEVELOPMENT_TEAM = 3G2V54975X;
				INFOPLIST_FILE = "$(SRCROOT)/RulerAR/Resources/Info.plist";
				LD_RUNPATH_SEARCH_PATHS = (
					"$(inherited)",
					"@executable_path/Frameworks",
				);
				PRODUCT_BUNDLE_IDENTIFIER = Spencer.RulerAR;
				PRODUCT_NAME = "$(TARGET_NAME)";
				SWIFT_VERSION = 4.0;
				TARGETED_DEVICE_FAMILY = "1,2";
			};
			name = Release;
		};
/* End XCBuildConfiguration section */

/* Begin XCConfigurationList section */
		BFC144E920A4A3C200E3734D /* Build configuration list for PBXProject "RulerAR" */ = {
			isa = XCConfigurationList;
			buildConfigurations = (
				BFC144FE20A4A3C400E3734D /* Debug */,
				BFC144FF20A4A3C400E3734D /* Release */,
			);
			defaultConfigurationIsVisible = 0;
			defaultConfigurationName = Release;
		};
		BFC1450020A4A3C400E3734D /* Build configuration list for PBXNativeTarget "RulerAR" */ = {
			isa = XCConfigurationList;
			buildConfigurations = (
				BFC1450120A4A3C400E3734D /* Debug */,
				BFC1450220A4A3C400E3734D /* Release */,
			);
			defaultConfigurationIsVisible = 0;
			defaultConfigurationName = Release;
		};
/* End XCConfigurationList section */
	};
	rootObject = BFC144E620A4A3C200E3734D /* Project object */;
}
